
Microsoft Visual Studio Solution File, Format Version 12.00
# Visual Studio Version 16
VisualStudioVersion = 16.0.28803.202
MinimumVisualStudioVersion = 10.0.40219.1
Project("{FAE04EC0-301F-11D3-BF4B-00C04F79EFBC}") = "КИА748", "Курсовая_Илья\КИА748.csproj", "{61D609A8-6884-4AB8-B149-B9FF3B25997E}"
EndProject
Global
	GlobalSection(SolutionConfigurationPlatforms) = preSolution
		Debug|Any CPU = Debug|Any CPU
		Release|Any CPU = Release|Any CPU
	EndGlobalSection
	GlobalSection(ProjectConfigurationPlatforms) = postSolution
		{61D609A8-6884-4AB8-B149-B9FF3B25997E}.Debug|Any CPU.ActiveCfg = Debug|Any CPU
		{61D609A8-6884-4AB8-B149-B9FF3B25997E}.Debug|Any CPU.Build.0 = Debug|Any CPU
		{61D609A8-6884-4AB8-B149-B9FF3B25997E}.Release|Any CPU.ActiveCfg = Release|Any CPU
		{61D609A8-6884-4AB8-B149-B9FF3B25997E}.Release|Any CPU.Build.0 = Release|Any CPU
	EndGlobalSection
	GlobalSection(SolutionProperties) = preSolution
		HideSolutionNode = FALSE
	EndGlobalSection
	GlobalSection(ExtensibilityGlobals) = postSolution
		SolutionGuid = {4B323D0F-8E8E-4F04-93D3-3DB9536DE17A}
	EndGlobalSection
EndGlobal
